
Microsoft Visual Studio Solution File, Format Version 12.00
# Visual Studio Version 17
VisualStudioVersion = 17.1.32228.430
MinimumVisualStudioVersion = 10.0.40219.1
Project("{9A19103F-16F7-4668-BE54-9A1E7A4F7556}") = "ADOCore", "ADOCore\ADOCore.csproj", "{703C5D62-2A8F-49EF-B3D1-22AA3DB35FD1}"
EndProject
Project("{9A19103F-16F7-4668-BE54-9A1E7A4F7556}") = "SharedCore", "SharedCore\SharedCore.csproj", "{837DAAE5-D7CA-4892-AD8E-D4CEA3180BE1}"
EndProject
Project("{9A19103F-16F7-4668-BE54-9A1E7A4F7556}") = "Statistic", "Statistic\Statistic.csproj", "{5CF4BACC-2DF7-45FA-840E-CB478ECEC53C}"
EndProject
Project("{9A19103F-16F7-4668-BE54-9A1E7A4F7556}") = "TestRuns", "TestRuns.Tests\TestRuns.csproj", "{8DE562BA-FB38-4373-B705-4FF63844705C}"
EndProject
Project("{9A19103F-16F7-4668-BE54-9A1E7A4F7556}") = "SwaggerParser", "SwaggerParser\SwaggerParser.csproj", "{422D124C-E26B-4F0E-B73E-383E00D1E937}"
EndProject
Project("{FAE04EC0-301F-11D3-BF4B-00C04F79EFBC}") = "VarGroups.Tests", "VarGroups.Tests\VarGroups.Tests.csproj", "{171E17E1-0768-4B66-81EB-63E66C4446BD}"
EndProject
Global
	GlobalSection(SolutionConfigurationPlatforms) = preSolution
		Debug|Any CPU = Debug|Any CPU
		Release|Any CPU = Release|Any CPU
	EndGlobalSection
	GlobalSection(ProjectConfigurationPlatforms) = postSolution
		{703C5D62-2A8F-49EF-B3D1-22AA3DB35FD1}.Debug|Any CPU.ActiveCfg = Debug|Any CPU
		{703C5D62-2A8F-49EF-B3D1-22AA3DB35FD1}.Debug|Any CPU.Build.0 = Debug|Any CPU
		{703C5D62-2A8F-49EF-B3D1-22AA3DB35FD1}.Release|Any CPU.ActiveCfg = Release|Any CPU
		{703C5D62-2A8F-49EF-B3D1-22AA3DB35FD1}.Release|Any CPU.Build.0 = Release|Any CPU
		{837DAAE5-D7CA-4892-AD8E-D4CEA3180BE1}.Debug|Any CPU.ActiveCfg = Debug|Any CPU
		{837DAAE5-D7CA-4892-AD8E-D4CEA3180BE1}.Debug|Any CPU.Build.0 = Debug|Any CPU
		{837DAAE5-D7CA-4892-AD8E-D4CEA3180BE1}.Release|Any CPU.ActiveCfg = Release|Any CPU
		{837DAAE5-D7CA-4892-AD8E-D4CEA3180BE1}.Release|Any CPU.Build.0 = Release|Any CPU
		{5CF4BACC-2DF7-45FA-840E-CB478ECEC53C}.Debug|Any CPU.ActiveCfg = Debug|Any CPU
		{5CF4BACC-2DF7-45FA-840E-CB478ECEC53C}.Debug|Any CPU.Build.0 = Debug|Any CPU
		{5CF4BACC-2DF7-45FA-840E-CB478ECEC53C}.Release|Any CPU.ActiveCfg = Release|Any CPU
		{5CF4BACC-2DF7-45FA-840E-CB478ECEC53C}.Release|Any CPU.Build.0 = Release|Any CPU
		{8DE562BA-FB38-4373-B705-4FF63844705C}.Debug|Any CPU.ActiveCfg = Debug|Any CPU
		{8DE562BA-FB38-4373-B705-4FF63844705C}.Debug|Any CPU.Build.0 = Debug|Any CPU
		{8DE562BA-FB38-4373-B705-4FF63844705C}.Release|Any CPU.ActiveCfg = Release|Any CPU
		{8DE562BA-FB38-4373-B705-4FF63844705C}.Release|Any CPU.Build.0 = Release|Any CPU
		{422D124C-E26B-4F0E-B73E-383E00D1E937}.Debug|Any CPU.ActiveCfg = Debug|Any CPU
		{422D124C-E26B-4F0E-B73E-383E00D1E937}.Debug|Any CPU.Build.0 = Debug|Any CPU
		{422D124C-E26B-4F0E-B73E-383E00D1E937}.Release|Any CPU.ActiveCfg = Release|Any CPU
		{422D124C-E26B-4F0E-B73E-383E00D1E937}.Release|Any CPU.Build.0 = Release|Any CPU
		{171E17E1-0768-4B66-81EB-63E66C4446BD}.Debug|Any CPU.ActiveCfg = Debug|Any CPU
		{171E17E1-0768-4B66-81EB-63E66C4446BD}.Debug|Any CPU.Build.0 = Debug|Any CPU
		{171E17E1-0768-4B66-81EB-63E66C4446BD}.Release|Any CPU.ActiveCfg = Release|Any CPU
		{171E17E1-0768-4B66-81EB-63E66C4446BD}.Release|Any CPU.Build.0 = Release|Any CPU
	EndGlobalSection
	GlobalSection(SolutionProperties) = preSolution
		HideSolutionNode = FALSE
	EndGlobalSection
	GlobalSection(ExtensibilityGlobals) = postSolution
		SolutionGuid = {67776FBC-907B-4FC7-A0E8-A7F88E256A43}
	EndGlobalSection
EndGlobal
